
Microsoft Visual Studio Solution File, Format Version 12.00
# Visual Studio Version 17
VisualStudioVersion = 17.1.32414.318
MinimumVisualStudioVersion = 10.0.40219.1
Project("{FAE04EC0-301F-11D3-BF4B-00C04F79EFBC}") = "FGG_PRUEBA_TECNICA", "FGG_PRUEBA_TECNICA\FGG_PRUEBA_TECNICA.csproj", "{16E05071-32B8-43A6-88BE-2DB0E3DAE2B6}"
EndProject
Global
	GlobalSection(SolutionConfigurationPlatforms) = preSolution
		Debug|Any CPU = Debug|Any CPU
		Release|Any CPU = Release|Any CPU
	EndGlobalSection
	GlobalSection(ProjectConfigurationPlatforms) = postSolution
		{16E05071-32B8-43A6-88BE-2DB0E3DAE2B6}.Debug|Any CPU.ActiveCfg = Debug|Any CPU
		{16E05071-32B8-43A6-88BE-2DB0E3DAE2B6}.Debug|Any CPU.Build.0 = Debug|Any CPU
		{16E05071-32B8-43A6-88BE-2DB0E3DAE2B6}.Release|Any CPU.ActiveCfg = Release|Any CPU
		{16E05071-32B8-43A6-88BE-2DB0E3DAE2B6}.Release|Any CPU.Build.0 = Release|Any CPU
	EndGlobalSection
	GlobalSection(SolutionProperties) = preSolution
		HideSolutionNode = FALSE
	EndGlobalSection
	GlobalSection(ExtensibilityGlobals) = postSolution
		SolutionGuid = {59D9CCD4-6E36-40A7-83F6-21CF7D109E5B}
	EndGlobalSection
EndGlobal
